
Microsoft Visual Studio Solution File, Format Version 12.00
# Visual Studio Version 17
VisualStudioVersion = 17.8.34316.72
MinimumVisualStudioVersion = 10.0.40219.1
Project("{9A19103F-16F7-4668-BE54-9A1E7A4F7556}") = "ScrapperServiceTests", "ScrapperServiceTests\ScrapperServiceTests.csproj", "{17009764-9934-420D-A34A-32F081D93900}"
EndProject
Project("{9A19103F-16F7-4668-BE54-9A1E7A4F7556}") = "ScrapperService", "ScrapperService\ScrapperService.csproj", "{1F426EDA-9C45-4F1A-9536-991EC4A6D2E6}"
EndProject
Project("{9A19103F-16F7-4668-BE54-9A1E7A4F7556}") = "MapCompereAPI", "MapCompereAPI\MapCompereAPI.csproj", "{AAC5BCE3-BC96-484D-9CB3-6591C39305F1}"
EndProject
Global
	GlobalSection(SolutionConfigurationPlatforms) = preSolution
		Debug|Any CPU = Debug|Any CPU
		Release|Any CPU = Release|Any CPU
	EndGlobalSection
	GlobalSection(ProjectConfigurationPlatforms) = postSolution
		{17009764-9934-420D-A34A-32F081D93900}.Debug|Any CPU.ActiveCfg = Debug|Any CPU
		{17009764-9934-420D-A34A-32F081D93900}.Debug|Any CPU.Build.0 = Debug|Any CPU
		{17009764-9934-420D-A34A-32F081D93900}.Release|Any CPU.ActiveCfg = Release|Any CPU
		{17009764-9934-420D-A34A-32F081D93900}.Release|Any CPU.Build.0 = Release|Any CPU
		{1F426EDA-9C45-4F1A-9536-991EC4A6D2E6}.Debug|Any CPU.ActiveCfg = Debug|Any CPU
		{1F426EDA-9C45-4F1A-9536-991EC4A6D2E6}.Debug|Any CPU.Build.0 = Debug|Any CPU
		{1F426EDA-9C45-4F1A-9536-991EC4A6D2E6}.Release|Any CPU.ActiveCfg = Release|Any CPU
		{1F426EDA-9C45-4F1A-9536-991EC4A6D2E6}.Release|Any CPU.Build.0 = Release|Any CPU
		{AAC5BCE3-BC96-484D-9CB3-6591C39305F1}.Debug|Any CPU.ActiveCfg = Debug|Any CPU
		{AAC5BCE3-BC96-484D-9CB3-6591C39305F1}.Debug|Any CPU.Build.0 = Debug|Any CPU
		{AAC5BCE3-BC96-484D-9CB3-6591C39305F1}.Release|Any CPU.ActiveCfg = Release|Any CPU
		{AAC5BCE3-BC96-484D-9CB3-6591C39305F1}.Release|Any CPU.Build.0 = Release|Any CPU
	EndGlobalSection
	GlobalSection(SolutionProperties) = preSolution
		HideSolutionNode = FALSE
	EndGlobalSection
	GlobalSection(ExtensibilityGlobals) = postSolution
		SolutionGuid = {86F84501-2A49-4641-ABC5-E5C3D9DF0ABC}
	EndGlobalSection
EndGlobal
